
Microsoft Visual Studio Solution File, Format Version 12.00
# Visual Studio Version 17
VisualStudioVersion = 17.10.35013.160
MinimumVisualStudioVersion = 10.0.40219.1
Project("{8BC9CEB8-8B4A-11D0-8D11-00A0C91BC942}") = "机房预约系统", "机房预约系统.vcxproj", "{DC8A2254-4CA6-46B7-A8A9-9A50E5DF6288}"
EndProject
Global
	GlobalSection(SolutionConfigurationPlatforms) = preSolution
		Debug|x64 = Debug|x64
		Debug|x86 = Debug|x86
		Release|x64 = Release|x64
		Release|x86 = Release|x86
	EndGlobalSection
	GlobalSection(ProjectConfigurationPlatforms) = postSolution
		{DC8A2254-4CA6-46B7-A8A9-9A50E5DF6288}.Debug|x64.ActiveCfg = Debug|x64
		{DC8A2254-4CA6-46B7-A8A9-9A50E5DF6288}.Debug|x64.Build.0 = Debug|x64
		{DC8A2254-4CA6-46B7-A8A9-9A50E5DF6288}.Debug|x86.ActiveCfg = Debug|Win32
		{DC8A2254-4CA6-46B7-A8A9-9A50E5DF6288}.Debug|x86.Build.0 = Debug|Win32
		{DC8A2254-4CA6-46B7-A8A9-9A50E5DF6288}.Release|x64.ActiveCfg = Release|x64
		{DC8A2254-4CA6-46B7-A8A9-9A50E5DF6288}.Release|x64.Build.0 = Release|x64
		{DC8A2254-4CA6-46B7-A8A9-9A50E5DF6288}.Release|x86.ActiveCfg = Release|Win32
		{DC8A2254-4CA6-46B7-A8A9-9A50E5DF6288}.Release|x86.Build.0 = Release|Win32
	EndGlobalSection
	GlobalSection(SolutionProperties) = preSolution
		HideSolutionNode = FALSE
	EndGlobalSection
	GlobalSection(ExtensibilityGlobals) = postSolution
		SolutionGuid = {36579252-2AEB-4DC8-8A90-DC5D0ED563E0}
	EndGlobalSection
EndGlobal
